// !$*UTF8*$!
{
	archiveVersion = 1;
	classes = {
	};
	objectVersion = 46;
	objects = {

/* Begin PBXBuildFile section */
		327E05461AE863EC00F1CA8E /* PlaySoundsViewController.swift in Sources */ = {isa = PBXBuildFile; fileRef = 327E05451AE863EC00F1CA8E /* PlaySoundsViewController.swift */; };
		327E054A1AECEE5100F1CA8E /* RecordedAudio.swift in Sources */ = {isa = PBXBuildFile; fileRef = 327E05491AECEE5100F1CA8E /* RecordedAudio.swift */; };
		32F931891AE065C90027F6D8 /* AppDelegate.swift in Sources */ = {isa = PBXBuildFile; fileRef = 32F931881AE065C90027F6D8 /* AppDelegate.swift */; };
		32F9318B1AE065C90027F6D8 /* RecordSoundsViewController.swift in Sources */ = {isa = PBXBuildFile; fileRef = 32F9318A1AE065C90027F6D8 /* RecordSoundsViewController.swift */; };
		32F9318E1AE065C90027F6D8 /* Main.storyboard in Resources */ = {isa = PBXBuildFile; fileRef = 32F9318C1AE065C90027F6D8 /* Main.storyboard */; };
		32F931901AE065C90027F6D8 /* Images.xcassets in Resources */ = {isa = PBXBuildFile; fileRef = 32F9318F1AE065C90027F6D8 /* Images.xcassets */; };
		32F931931AE065C90027F6D8 /* LaunchScreen.xib in Resources */ = {isa = PBXBuildFile; fileRef = 32F931911AE065C90027F6D8 /* LaunchScreen.xib */; };
		32F9319F1AE065CA0027F6D8 /* Pitch_PerfectTests.swift in Sources */ = {isa = PBXBuildFile; fileRef = 32F9319E1AE065CA0027F6D8 /* Pitch_PerfectTests.swift */; };
/* End PBXBuildFile section */

/* Begin PBXContainerItemProxy section */
		32F931991AE065CA0027F6D8 /* PBXContainerItemProxy */ = {
			isa = PBXContainerItemProxy;
			containerPortal = 32F9317B1AE065C90027F6D8 /* Project object */;
			proxyType = 1;
			remoteGlobalIDString = 32F931821AE065C90027F6D8;
			remoteInfo = "Pitch Perfect";
		};
/* End PBXContainerItemProxy section */

/* Begin PBXFileReference section */
		327E05451AE863EC00F1CA8E /* PlaySoundsViewController.swift */ = {isa = PBXFileReference; fileEncoding = 4; lastKnownFileType = sourcecode.swift; path = PlaySoundsViewController.swift; sourceTree = "<group>"; };
		327E05491AECEE5100F1CA8E /* RecordedAudio.swift */ = {isa = PBXFileReference; fileEncoding = 4; lastKnownFileType = sourcecode.swift; path = RecordedAudio.swift; sourceTree = "<group>"; };
		32F931831AE065C90027F6D8 /* Pitch Perfect.app */ = {isa = PBXFileReference; explicitFileType = wrapper.application; includeInIndex = 0; path = "Pitch Perfect.app"; sourceTree = BUILT_PRODUCTS_DIR; };
		32F931871AE065C90027F6D8 /* Info.plist */ = {isa = PBXFileReference; lastKnownFileType = text.plist.xml; path = Info.plist; sourceTree = "<group>"; };
		32F931881AE065C90027F6D8 /* AppDelegate.swift */ = {isa = PBXFileReference; lastKnownFileType = sourcecode.swift; path = AppDelegate.swift; sourceTree = "<group>"; };
		32F9318A1AE065C90027F6D8 /* RecordSoundsViewController.swift */ = {isa = PBXFileReference; lastKnownFileType = sourcecode.swift; path = RecordSoundsViewController.swift; sourceTree = "<group>"; };
		32F9318D1AE065C90027F6D8 /* Base */ = {isa = PBXFileReference; lastKnownFileType = file.storyboard; name = Base; path = Base.lproj/Main.storyboard; sourceTree = "<group>"; };
		32F9318F1AE065C90027F6D8 /* Images.xcassets */ = {isa = PBXFileReference; lastKnownFileType = folder.assetcatalog; path = Images.xcassets; sourceTree = "<group>"; };
		32F931921AE065C90027F6D8 /* Base */ = {isa = PBXFileReference; lastKnownFileType = file.xib; name = Base; path = Base.lproj/LaunchScreen.xib; sourceTree = "<group>"; };
		32F931981AE065CA0027F6D8 /* Pitch PerfectTests.xctest */ = {isa = PBXFileReference; explicitFileType = wrapper.cfbundle; includeInIndex = 0; path = "Pitch PerfectTests.xctest"; sourceTree = BUILT_PRODUCTS_DIR; };
		32F9319D1AE065CA0027F6D8 /* Info.plist */ = {isa = PBXFileReference; lastKnownFileType = text.plist.xml; path = Info.plist; sourceTree = "<group>"; };
		32F9319E1AE065CA0027F6D8 /* Pitch_PerfectTests.swift */ = {isa = PBXFileReference; lastKnownFileType = sourcecode.swift; path = Pitch_PerfectTests.swift; sourceTree = "<group>"; };
/* End PBXFileReference section */

/* Begin PBXFrameworksBuildPhase section */
		32F931801AE065C90027F6D8 /* Frameworks */ = {
			isa = PBXFrameworksBuildPhase;
			buildActionMask = 2147483647;
			files = (
			);
			runOnlyForDeploymentPostprocessing = 0;
		};
		32F931951AE065CA0027F6D8 /* Frameworks */ = {
			isa = PBXFrameworksBuildPhase;
			buildActionMask = 2147483647;
			files = (
			);
			runOnlyForDeploymentPostprocessing = 0;
		};
/* End PBXFrameworksBuildPhase section */

/* Begin PBXGroup section */
		32F9317A1AE065C90027F6D8 = {
			isa = PBXGroup;
			children = (
				32F931851AE065C90027F6D8 /* Pitch Perfect */,
				32F9319B1AE065CA0027F6D8 /* Pitch PerfectTests */,
				32F931841AE065C90027F6D8 /* Products */,
			);
			sourceTree = "<group>";
		};
		32F931841AE065C90027F6D8 /* Products */ = {
			isa = PBXGroup;
			children = (
				32F931831AE065C90027F6D8 /* Pitch Perfect.app */,
				32F931981AE065CA0027F6D8 /* Pitch PerfectTests.xctest */,
			);
			name = Products;
			sourceTree = "<group>";
		};
		32F931851AE065C90027F6D8 /* Pitch Perfect */ = {
			isa = PBXGroup;
			children = (
				327E05451AE863EC00F1CA8E /* PlaySoundsViewController.swift */,
				32F931881AE065C90027F6D8 /* AppDelegate.swift */,
				32F9318A1AE065C90027F6D8 /* RecordSoundsViewController.swift */,
				327E05491AECEE5100F1CA8E /* RecordedAudio.swift */,
				32F9318C1AE065C90027F6D8 /* Main.storyboard */,
				32F9318F1AE065C90027F6D8 /* Images.xcassets */,
				32F931911AE065C90027F6D8 /* LaunchScreen.xib */,
				32F931861AE065C90027F6D8 /* Supporting Files */,
			);
			path = "Pitch Perfect";
			sourceTree = "<group>";
		};
		32F931861AE065C90027F6D8 /* Supporting Files */ = {
			isa = PBXGroup;
			children = (
				32F931871AE065C90027F6D8 /* Info.plist */,
			);
			name = "Supporting Files";
			sourceTree = "<group>";
		};
		32F9319B1AE065CA0027F6D8 /* Pitch PerfectTests */ = {
			isa = PBXGroup;
			children = (
				32F9319E1AE065CA0027F6D8 /* Pitch_PerfectTests.swift */,
				32F9319C1AE065CA0027F6D8 /* Supporting Files */,
			);
			path = "Pitch PerfectTests";
			sourceTree = "<group>";
		};
		32F9319C1AE065CA0027F6D8 /* Supporting Files */ = {
			isa = PBXGroup;
			children = (
				32F9319D1AE065CA0027F6D8 /* Info.plist */,
			);
			name = "Supporting Files";
			sourceTree = "<group>";
		};
/* End PBXGroup section */

/* Begin PBXNativeTarget section */
		32F931821AE065C90027F6D8 /* Pitch Perfect */ = {
			isa = PBXNativeTarget;
			buildConfigurationList = 32F931A21AE065CA0027F6D8 /* Build configuration list for PBXNativeTarget "Pitch Perfect" */;
			buildPhases = (
				32F9317F1AE065C90027F6D8 /* Sources */,
				32F931801AE065C90027F6D8 /* Frameworks */,
				32F931811AE065C90027F6D8 /* Resources */,
			);
			buildRules = (
			);
			dependencies = (
			);
			name = "Pitch Perfect";
			productName = "Pitch Perfect";
			productReference = 32F931831AE065C90027F6D8 /* Pitch Perfect.app */;
			productType = "com.apple.product-type.application";
		};
		32F931971AE065CA0027F6D8 /* Pitch PerfectTests */ = {
			isa = PBXNativeTarget;
			buildConfigurationList = 32F931A51AE065CA0027F6D8 /* Build configuration list for PBXNativeTarget "Pitch PerfectTests" */;
			buildPhases = (
				32F931941AE065CA0027F6D8 /* Sources */,
				32F931951AE065CA0027F6D8 /* Frameworks */,
				32F931961AE065CA0027F6D8 /* Resources */,
			);
			buildRules = (
			);
			dependencies = (
				32F9319A1AE065CA0027F6D8 /* PBXTargetDependency */,
			);
			name = "Pitch PerfectTests";
			productName = "Pitch PerfectTests";
			productReference = 32F931981AE065CA0027F6D8 /* Pitch PerfectTests.xctest */;
			productType = "com.apple.product-type.bundle.unit-test";
		};
/* End PBXNativeTarget section */

/* Begin PBXProject section */
		32F9317B1AE065C90027F6D8 /* Project object */ = {
			isa = PBXProject;
			attributes = {
				LastUpgradeCheck = 0630;
				ORGANIZATIONNAME = "Wellington Bengtson";
				TargetAttributes = {
					32F931821AE065C90027F6D8 = {
						CreatedOnToolsVersion = 6.3;
					};
					32F931971AE065CA0027F6D8 = {
						CreatedOnToolsVersion = 6.3;
						TestTargetID = 32F931821AE065C90027F6D8;
					};
				};
			};
			buildConfigurationList = 32F9317E1AE065C90027F6D8 /* Build configuration list for PBXProject "Pitch Perfect" */;
			compatibilityVersion = "Xcode 3.2";
			developmentRegion = English;
			hasScannedForEncodings = 0;
			knownRegions = (
				en,
				Base,
			);
			mainGroup = 32F9317A1AE065C90027F6D8;
			productRefGroup = 32F931841AE065C90027F6D8 /* Products */;
			projectDirPath = "";
			projectRoot = "";
			targets = (
				32F931821AE065C90027F6D8 /* Pitch Perfect */,
				32F931971AE065CA0027F6D8 /* Pitch PerfectTests */,
			);
		};
/* End PBXProject section */

/* Begin PBXResourcesBuildPhase section */
		32F931811AE065C90027F6D8 /* Resources */ = {
			isa = PBXResourcesBuildPhase;
			buildActionMask = 2147483647;
			files = (
				32F9318E1AE065C90027F6D8 /* Main.storyboard in Resources */,
				32F931931AE065C90027F6D8 /* LaunchScreen.xib in Resources */,
				32F931901AE065C90027F6D8 /* Images.xcassets in Resources */,
			);
			runOnlyForDeploymentPostprocessing = 0;
		};
		32F931961AE065CA0027F6D8 /* Resources */ = {
			isa = PBXResourcesBuildPhase;
			buildActionMask = 2147483647;
			files = (
			);
			runOnlyForDeploymentPostprocessing = 0;
		};
/* End PBXResourcesBuildPhase section */

/* Begin PBXSourcesBuildPhase section */
		32F9317F1AE065C90027F6D8 /* Sources */ = {
			isa = PBXSourcesBuildPhase;
			buildActionMask = 2147483647;
			files = (
				327E054A1AECEE5100F1CA8E /* RecordedAudio.swift in Sources */,
				32F9318B1AE065C90027F6D8 /* RecordSoundsViewController.swift in Sources */,
				327E05461AE863EC00F1CA8E /* PlaySoundsViewController.swift in Sources */,
				32F931891AE065C90027F6D8 /* AppDelegate.swift in Sources */,
			);
			runOnlyForDeploymentPostprocessing = 0;
		};
		32F931941AE065CA0027F6D8 /* Sources */ = {
			isa = PBXSourcesBuildPhase;
			buildActionMask = 2147483647;
			files = (
				32F9319F1AE065CA0027F6D8 /* Pitch_PerfectTests.swift in Sources */,
			);
			runOnlyForDeploymentPostprocessing = 0;
		};
/* End PBXSourcesBuildPhase section */

/* Begin PBXTargetDependency section */
		32F9319A1AE065CA0027F6D8 /* PBXTargetDependency */ = {
			isa = PBXTargetDependency;
			target = 32F931821AE065C90027F6D8 /* Pitch Perfect */;
			targetProxy = 32F931991AE065CA0027F6D8 /* PBXContainerItemProxy */;
		};
/* End PBXTargetDependency section */

/* Begin PBXVariantGroup section */
		32F9318C1AE065C90027F6D8 /* Main.storyboard */ = {
			isa = PBXVariantGroup;
			children = (
				32F9318D1AE065C90027F6D8 /* Base */,
			);
			name = Main.storyboard;
			sourceTree = "<group>";
		};
		32F931911AE065C90027F6D8 /* LaunchScreen.xib */ = {
			isa = PBXVariantGroup;
			children = (
				32F931921AE065C90027F6D8 /* Base */,
			);
			name = LaunchScreen.xib;
			sourceTree = "<group>";
		};
/* End PBXVariantGroup section */

/* Begin XCBuildConfiguration section */
		32F931A01AE065CA0027F6D8 /* Debug */ = {
			isa = XCBuildConfiguration;
			buildSettings = {
				ALWAYS_SEARCH_USER_PATHS = NO;
				CLANG_CXX_LANGUAGE_STANDARD = "gnu++0x";
				CLANG_CXX_LIBRARY = "libc++";
				CLANG_ENABLE_MODULES = YES;
				CLANG_ENABLE_OBJC_ARC = YES;
				CLANG_WARN_BOOL_CONVERSION = YES;
				CLANG_WARN_CONSTANT_CONVERSION = YES;
				CLANG_WARN_DIRECT_OBJC_ISA_USAGE = YES_ERROR;
				CLANG_WARN_EMPTY_BODY = YES;
				CLANG_WARN_ENUM_CONVERSION = YES;
				CLANG_WARN_INT_CONVERSION = YES;
				CLANG_WARN_OBJC_ROOT_CLASS = YES_ERROR;
				CLANG_WARN_UNREACHABLE_CODE = YES;
				CLANG_WARN__DUPLICATE_METHOD_MATCH = YES;
				"CODE_SIGN_IDENTITY[sdk=iphoneos*]" = "iPhone Developer";
				COPY_PHASE_STRIP = NO;
				DEBUG_INFORMATION_FORMAT = "dwarf-with-dsym";
				ENABLE_STRICT_OBJC_MSGSEND = YES;
				GCC_C_LANGUAGE_STANDARD = gnu99;
				GCC_DYNAMIC_NO_PIC = NO;
				GCC_NO_COMMON_BLOCKS = YES;
				GCC_OPTIMIZATION_LEVEL = 0;
				GCC_PREPROCESSOR_DEFINITIONS = (
					"DEBUG=1",
					"$(inherited)",
				);
				GCC_SYMBOLS_PRIVATE_EXTERN = NO;
				GCC_WARN_64_TO_32_BIT_CONVERSION = YES;
				GCC_WARN_ABOUT_RETURN_TYPE = YES_ERROR;
				GCC_WARN_UNDECLARED_SELECTOR = YES;
				GCC_WARN_UNINITIALIZED_AUTOS = YES_AGGRESSIVE;
				GCC_WARN_UNUSED_FUNCTION = YES;
				GCC_WARN_UNUSED_VARIABLE = YES;
				IPHONEOS_DEPLOYMENT_TARGET = 8.3;
				MTL_ENABLE_DEBUG_INFO = YES;
				ONLY_ACTIVE_ARCH = YES;
				SDKROOT = iphoneos;
				SWIFT_OPTIMIZATION_LEVEL = "-Onone";
			};
			name = Debug;
		};
		32F931A11AE065CA0027F6D8 /* Release */ = {
			isa = XCBuildConfiguration;
			buildSettings = {
				ALWAYS_SEARCH_USER_PATHS = NO;
				CLANG_CXX_LANGUAGE_STANDARD = "gnu++0x";
				CLANG_CXX_LIBRARY = "libc++";
				CLANG_ENABLE_MODULES = YES;
				CLANG_ENABLE_OBJC_ARC = YES;
				CLANG_WARN_BOOL_CONVERSION = YES;
				CLANG_WARN_CONSTANT_CONVERSION = YES;
				CLANG_WARN_DIRECT_OBJC_ISA_USAGE = YES_ERROR;
				CLANG_WARN_EMPTY_BODY = YES;
				CLANG_WARN_ENUM_CONVERSION = YES;
				CLANG_WARN_INT_CONVERSION = YES;
				CLANG_WARN_OBJC_ROOT_CLASS = YES_ERROR;
				CLANG_WARN_UNREACHABLE_CODE = YES;
				CLANG_WARN__DUPLICATE_METHOD_MATCH = YES;
				"CODE_SIGN_IDENTITY[sdk=iphoneos*]" = "iPhone Developer";
				COPY_PHASE_STRIP = NO;
				DEBUG_INFORMATION_FORMAT = "dwarf-with-dsym";
				ENABLE_NS_ASSERTIONS = NO;
				ENABLE_STRICT_OBJC_MSGSEND = YES;
				GCC_C_LANGUAGE_STANDARD = gnu99;
				GCC_NO_COMMON_BLOCKS = YES;
				GCC_WARN_64_TO_32_BIT_CONVERSION = YES;
				GCC_WARN_ABOUT_RETURN_TYPE = YES_ERROR;
				GCC_WARN_UNDECLARED_SELECTOR = YES;
				GCC_WARN_UNINITIALIZED_AUTOS = YES_AGGRESSIVE;
				GCC_WARN_UNUSED_FUNCTION = YES;
				GCC_WARN_UNUSED_VARIABLE = YES;
				IPHONEOS_DEPLOYMENT_TARGET = 8.3;
				MTL_ENABLE_DEBUG_INFO = NO;
				SDKROOT = iphoneos;
				VALIDATE_PRODUCT = YES;
			};
			name = Release;
		};
		32F931A31AE065CA0027F6D8 /* Debug */ = {
			isa = XCBuildConfiguration;
			buildSettings = {
				ASSETCATALOG_COMPILER_APPICON_NAME = AppIcon;
				INFOPLIST_FILE = "Pitch Perfect/Info.plist";
				LD_RUNPATH_SEARCH_PATHS = "$(inherited) @executable_path/Frameworks";
				PRODUCT_NAME = "$(TARGET_NAME)";
			};
			name = Debug;
		};
		32F931A41AE065CA0027F6D8 /* Release */ = {
			isa = XCBuildConfiguration;
			buildSettings = {
				ASSETCATALOG_COMPILER_APPICON_NAME = AppIcon;
				INFOPLIST_FILE = "Pitch Perfect/Info.plist";
				LD_RUNPATH_SEARCH_PATHS = "$(inherited) @executable_path/Frameworks";
				PRODUCT_NAME = "$(TARGET_NAME)";
			};
			name = Release;
		};
		32F931A61AE065CA0027F6D8 /* Debug */ = {
			isa = XCBuildConfiguration;
			buildSettings = {
				BUNDLE_LOADER = "$(TEST_HOST)";
				FRAMEWORK_SEARCH_PATHS = (
					"$(SDKROOT)/Developer/Library/Frameworks",
					"$(inherited)",
				);
				GCC_PREPROCESSOR_DEFINITIONS = (
					"DEBUG=1",
					"$(inherited)",
				);
				INFOPLIST_FILE = "Pitch PerfectTests/Info.plist";
				LD_RUNPATH_SEARCH_PATHS = "$(inherited) @executable_path/Frameworks @loader_path/Frameworks";
				PRODUCT_NAME = "$(TARGET_NAME)";
				TEST_HOST = "$(BUILT_PRODUCTS_DIR)/Pitch Perfect.app/Pitch Perfect";
			};
			name = Debug;
		};
		32F931A71AE065CA0027F6D8 /* Release */ = {
			isa = XCBuildConfiguration;
			buildSettings = {
				BUNDLE_LOADER = "$(TEST_HOST)";
				FRAMEWORK_SEARCH_PATHS = (
					"$(SDKROOT)/Developer/Library/Frameworks",
					"$(inherited)",
				);
				INFOPLIST_FILE = "Pitch PerfectTests/Info.plist";
				LD_RUNPATH_SEARCH_PATHS = "$(inherited) @executable_path/Frameworks @loader_path/Frameworks";
				PRODUCT_NAME = "$(TARGET_NAME)";
				TEST_HOST = "$(BUILT_PRODUCTS_DIR)/Pitch Perfect.app/Pitch Perfect";
			};
			name = Release;
		};
/* End XCBuildConfiguration section */

/* Begin XCConfigurationList section */
		32F9317E1AE065C90027F6D8 /* Build configuration list for PBXProject "Pitch Perfect" */ = {
			isa = XCConfigurationList;
			buildConfigurations = (
				32F931A01AE065CA0027F6D8 /* Debug */,
				32F931A11AE065CA0027F6D8 /* Release */,
			);
			defaultConfigurationIsVisible = 0;
			defaultConfigurationName = Release;
		};
		32F931A21AE065CA0027F6D8 /* Build configuration list for PBXNativeTarget "Pitch Perfect" */ = {
			isa = XCConfigurationList;
			buildConfigurations = (
				32F931A31AE065CA0027F6D8 /* Debug */,
				32F931A41AE065CA0027F6D8 /* Release */,
			);
			defaultConfigurationIsVisible = 0;
			defaultConfigurationName = Release;
		};
		32F931A51AE065CA0027F6D8 /* Build configuration list for PBXNativeTarget "Pitch PerfectTests" */ = {
			isa = XCConfigurationList;
			buildConfigurations = (
				32F931A61AE065CA0027F6D8 /* Debug */,
				32F931A71AE065CA0027F6D8 /* Release */,
			);
			defaultConfigurationIsVisible = 0;
			defaultConfigurationName = Release;
		};
/* End XCConfigurationList section */
	};
	rootObject = 32F9317B1AE065C90027F6D8 /* Project object */;
}
